
Microsoft Visual Studio Solution File, Format Version 12.00
# Visual Studio 15
Project("{FAE04EC0-301F-11D3-BF4B-00C04F79EFBC}") = "Assembly-CSharp", "Assembly-CSharp.csproj", "{FE7065A9-E329-3B34-28D4-0CEF210FADF3}"
EndProject
Project("{FAE04EC0-301F-11D3-BF4B-00C04F79EFBC}") = "Assembly-CSharp-Editor", "Assembly-CSharp-Editor.csproj", "{8171227C-3EC2-DB04-14BE-870235ED744C}"
EndProject
Global
	GlobalSection(SolutionConfigurationPlatforms) = preSolution
		Debug|Any CPU = Debug|Any CPU
		Release|Any CPU = Release|Any CPU
	EndGlobalSection
	GlobalSection(ProjectConfigurationPlatforms) = postSolution
		{FE7065A9-E329-3B34-28D4-0CEF210FADF3}.Debug|Any CPU.ActiveCfg = Debug|Any CPU
		{FE7065A9-E329-3B34-28D4-0CEF210FADF3}.Debug|Any CPU.Build.0 = Debug|Any CPU
		{FE7065A9-E329-3B34-28D4-0CEF210FADF3}.Release|Any CPU.ActiveCfg = Release|Any CPU
		{FE7065A9-E329-3B34-28D4-0CEF210FADF3}.Release|Any CPU.Build.0 = Release|Any CPU
		{8171227C-3EC2-DB04-14BE-870235ED744C}.Debug|Any CPU.ActiveCfg = Debug|Any CPU
		{8171227C-3EC2-DB04-14BE-870235ED744C}.Debug|Any CPU.Build.0 = Debug|Any CPU
		{8171227C-3EC2-DB04-14BE-870235ED744C}.Release|Any CPU.ActiveCfg = Release|Any CPU
		{8171227C-3EC2-DB04-14BE-870235ED744C}.Release|Any CPU.Build.0 = Release|Any CPU
	EndGlobalSection
	GlobalSection(SolutionProperties) = preSolution
		HideSolutionNode = FALSE
	EndGlobalSection
EndGlobal
